// !$*UTF8*$!
{
	archiveVersion = 1;
	classes = {
	};
	objectVersion = 50;
	objects = {

/* Begin PBXBuildFile section */
		94621F0E235A971800D3DBC0 /* AppDelegate.swift in Sources */ = {isa = PBXBuildFile; fileRef = 94621F0D235A971800D3DBC0 /* AppDelegate.swift */; };
		94621F10235A971800D3DBC0 /* SceneDelegate.swift in Sources */ = {isa = PBXBuildFile; fileRef = 94621F0F235A971800D3DBC0 /* SceneDelegate.swift */; };
		94621F12235A971800D3DBC0 /* TabBarController.swift in Sources */ = {isa = PBXBuildFile; fileRef = 94621F11235A971800D3DBC0 /* TabBarController.swift */; };
		94621F15235A971800D3DBC0 /* Main.storyboard in Resources */ = {isa = PBXBuildFile; fileRef = 94621F13235A971800D3DBC0 /* Main.storyboard */; };
		94621F18235A971800D3DBC0 /* UITabBar_Animated_Transitions.xcdatamodeld in Sources */ = {isa = PBXBuildFile; fileRef = 94621F16235A971800D3DBC0 /* UITabBar_Animated_Transitions.xcdatamodeld */; };
		94621F1A235A971A00D3DBC0 /* Assets.xcassets in Resources */ = {isa = PBXBuildFile; fileRef = 94621F19235A971A00D3DBC0 /* Assets.xcassets */; };
		94621F1D235A971A00D3DBC0 /* LaunchScreen.storyboard in Resources */ = {isa = PBXBuildFile; fileRef = 94621F1B235A971A00D3DBC0 /* LaunchScreen.storyboard */; };
/* End PBXBuildFile section */

/* Begin PBXFileReference section */
		94621F0A235A971800D3DBC0 /* UITabBar Animated Transitions.app */ = {isa = PBXFileReference; explicitFileType = wrapper.application; includeInIndex = 0; path = "UITabBar Animated Transitions.app"; sourceTree = BUILT_PRODUCTS_DIR; };
		94621F0D235A971800D3DBC0 /* AppDelegate.swift */ = {isa = PBXFileReference; lastKnownFileType = sourcecode.swift; path = AppDelegate.swift; sourceTree = "<group>"; };
		94621F0F235A971800D3DBC0 /* SceneDelegate.swift */ = {isa = PBXFileReference; lastKnownFileType = sourcecode.swift; path = SceneDelegate.swift; sourceTree = "<group>"; };
		94621F11235A971800D3DBC0 /* TabBarController.swift */ = {isa = PBXFileReference; lastKnownFileType = sourcecode.swift; path = TabBarController.swift; sourceTree = "<group>"; };
		94621F14235A971800D3DBC0 /* Base */ = {isa = PBXFileReference; lastKnownFileType = file.storyboard; name = Base; path = Base.lproj/Main.storyboard; sourceTree = "<group>"; };
		94621F17235A971800D3DBC0 /* UITabBar_Animated_Transitions.xcdatamodel */ = {isa = PBXFileReference; lastKnownFileType = wrapper.xcdatamodel; path = UITabBar_Animated_Transitions.xcdatamodel; sourceTree = "<group>"; };
		94621F19235A971A00D3DBC0 /* Assets.xcassets */ = {isa = PBXFileReference; lastKnownFileType = folder.assetcatalog; path = Assets.xcassets; sourceTree = "<group>"; };
		94621F1C235A971A00D3DBC0 /* Base */ = {isa = PBXFileReference; lastKnownFileType = file.storyboard; name = Base; path = Base.lproj/LaunchScreen.storyboard; sourceTree = "<group>"; };
		94621F1E235A971A00D3DBC0 /* Info.plist */ = {isa = PBXFileReference; lastKnownFileType = text.plist.xml; path = Info.plist; sourceTree = "<group>"; };
/* End PBXFileReference section */

/* Begin PBXFrameworksBuildPhase section */
		94621F07235A971800D3DBC0 /* Frameworks */ = {
			isa = PBXFrameworksBuildPhase;
			buildActionMask = 2147483647;
			files = (
			);
			runOnlyForDeploymentPostprocessing = 0;
		};
/* End PBXFrameworksBuildPhase section */

/* Begin PBXGroup section */
		94621F01235A971800D3DBC0 = {
			isa = PBXGroup;
			children = (
				94621F0C235A971800D3DBC0 /* UITabBar Animated Transitions */,
				94621F0B235A971800D3DBC0 /* Products */,
			);
			sourceTree = "<group>";
		};
		94621F0B235A971800D3DBC0 /* Products */ = {
			isa = PBXGroup;
			children = (
				94621F0A235A971800D3DBC0 /* UITabBar Animated Transitions.app */,
			);
			name = Products;
			sourceTree = "<group>";
		};
		94621F0C235A971800D3DBC0 /* UITabBar Animated Transitions */ = {
			isa = PBXGroup;
			children = (
				94621F0D235A971800D3DBC0 /* AppDelegate.swift */,
				94621F0F235A971800D3DBC0 /* SceneDelegate.swift */,
				94621F11235A971800D3DBC0 /* TabBarController.swift */,
				94621F13235A971800D3DBC0 /* Main.storyboard */,
				94621F19235A971A00D3DBC0 /* Assets.xcassets */,
				94621F1B235A971A00D3DBC0 /* LaunchScreen.storyboard */,
				94621F1E235A971A00D3DBC0 /* Info.plist */,
				94621F16235A971800D3DBC0 /* UITabBar_Animated_Transitions.xcdatamodeld */,
			);
			path = "UITabBar Animated Transitions";
			sourceTree = "<group>";
		};
/* End PBXGroup section */

/* Begin PBXNativeTarget section */
		94621F09235A971800D3DBC0 /* UITabBar Animated Transitions */ = {
			isa = PBXNativeTarget;
			buildConfigurationList = 94621F21235A971A00D3DBC0 /* Build configuration list for PBXNativeTarget "UITabBar Animated Transitions" */;
			buildPhases = (
				94621F06235A971800D3DBC0 /* Sources */,
				94621F07235A971800D3DBC0 /* Frameworks */,
				94621F08235A971800D3DBC0 /* Resources */,
			);
			buildRules = (
			);
			dependencies = (
			);
			name = "UITabBar Animated Transitions";
			productName = "UITabBar Animated Transitions";
			productReference = 94621F0A235A971800D3DBC0 /* UITabBar Animated Transitions.app */;
			productType = "com.apple.product-type.application";
		};
/* End PBXNativeTarget section */

/* Begin PBXProject section */
		94621F02235A971800D3DBC0 /* Project object */ = {
			isa = PBXProject;
			attributes = {
				LastSwiftUpdateCheck = 1100;
				LastUpgradeCheck = 1100;
				ORGANIZATIONNAME = "Ryan F";
				TargetAttributes = {
					94621F09235A971800D3DBC0 = {
						CreatedOnToolsVersion = 11.0;
					};
				};
			};
			buildConfigurationList = 94621F05235A971800D3DBC0 /* Build configuration list for PBXProject "UITabBar Animated Transitions" */;
			compatibilityVersion = "Xcode 9.3";
			developmentRegion = en;
			hasScannedForEncodings = 0;
			knownRegions = (
				en,
				Base,
			);
			mainGroup = 94621F01235A971800D3DBC0;
			productRefGroup = 94621F0B235A971800D3DBC0 /* Products */;
			projectDirPath = "";
			projectRoot = "";
			targets = (
				94621F09235A971800D3DBC0 /* UITabBar Animated Transitions */,
			);
		};
/* End PBXProject section */

/* Begin PBXResourcesBuildPhase section */
		94621F08235A971800D3DBC0 /* Resources */ = {
			isa = PBXResourcesBuildPhase;
			buildActionMask = 2147483647;
			files = (
				94621F1D235A971A00D3DBC0 /* LaunchScreen.storyboard in Resources */,
				94621F1A235A971A00D3DBC0 /* Assets.xcassets in Resources */,
				94621F15235A971800D3DBC0 /* Main.storyboard in Resources */,
			);
			runOnlyForDeploymentPostprocessing = 0;
		};
/* End PBXResourcesBuildPhase section */

/* Begin PBXSourcesBuildPhase section */
		94621F06235A971800D3DBC0 /* Sources */ = {
			isa = PBXSourcesBuildPhase;
			buildActionMask = 2147483647;
			files = (
				94621F12235A971800D3DBC0 /* TabBarController.swift in Sources */,
				94621F0E235A971800D3DBC0 /* AppDelegate.swift in Sources */,
				94621F10235A971800D3DBC0 /* SceneDelegate.swift in Sources */,
				94621F18235A971800D3DBC0 /* UITabBar_Animated_Transitions.xcdatamodeld in Sources */,
			);
			runOnlyForDeploymentPostprocessing = 0;
		};
/* End PBXSourcesBuildPhase section */

/* Begin PBXVariantGroup section */
		94621F13235A971800D3DBC0 /* Main.storyboard */ = {
			isa = PBXVariantGroup;
			children = (
				94621F14235A971800D3DBC0 /* Base */,
			);
			name = Main.storyboard;
			sourceTree = "<group>";
		};
		94621F1B235A971A00D3DBC0 /* LaunchScreen.storyboard */ = {
			isa = PBXVariantGroup;
			children = (
				94621F1C235A971A00D3DBC0 /* Base */,
			);
			name = LaunchScreen.storyboard;
			sourceTree = "<group>";
		};
/* End PBXVariantGroup section */

/* Begin XCBuildConfiguration section */
		94621F1F235A971A00D3DBC0 /* Debug */ = {
			isa = XCBuildConfiguration;
			buildSettings = {
				ALWAYS_SEARCH_USER_PATHS = NO;
				CLANG_ANALYZER_NONNULL = YES;
				CLANG_ANALYZER_NUMBER_OBJECT_CONVERSION = YES_AGGRESSIVE;
				CLANG_CXX_LANGUAGE_STANDARD = "gnu++14";
				CLANG_CXX_LIBRARY = "libc++";
				CLANG_ENABLE_MODULES = YES;
				CLANG_ENABLE_OBJC_ARC = YES;
				CLANG_ENABLE_OBJC_WEAK = YES;
				CLANG_WARN_BLOCK_CAPTURE_AUTORELEASING = YES;
				CLANG_WARN_BOOL_CONVERSION = YES;
				CLANG_WARN_COMMA = YES;
				CLANG_WARN_CONSTANT_CONVERSION = YES;
				CLANG_WARN_DEPRECATED_OBJC_IMPLEMENTATIONS = YES;
				CLANG_WARN_DIRECT_OBJC_ISA_USAGE = YES_ERROR;
				CLANG_WARN_DOCUMENTATION_COMMENTS = YES;
				CLANG_WARN_EMPTY_BODY = YES;
				CLANG_WARN_ENUM_CONVERSION = YES;
				CLANG_WARN_INFINITE_RECURSION = YES;
				CLANG_WARN_INT_CONVERSION = YES;
				CLANG_WARN_NON_LITERAL_NULL_CONVERSION = YES;
				CLANG_WARN_OBJC_IMPLICIT_RETAIN_SELF = YES;
				CLANG_WARN_OBJC_LITERAL_CONVERSION = YES;
				CLANG_WARN_OBJC_ROOT_CLASS = YES_ERROR;
				CLANG_WARN_RANGE_LOOP_ANALYSIS = YES;
				CLANG_WARN_STRICT_PROTOTYPES = YES;
				CLANG_WARN_SUSPICIOUS_MOVE = YES;
				CLANG_WARN_UNGUARDED_AVAILABILITY = YES_AGGRESSIVE;
				CLANG_WARN_UNREACHABLE_CODE = YES;
				CLANG_WARN__DUPLICATE_METHOD_MATCH = YES;
				COPY_PHASE_STRIP = NO;
				DEBUG_INFORMATION_FORMAT = dwarf;
				ENABLE_STRICT_OBJC_MSGSEND = YES;
				ENABLE_TESTABILITY = YES;
				GCC_C_LANGUAGE_STANDARD = gnu11;
				GCC_DYNAMIC_NO_PIC = NO;
				GCC_NO_COMMON_BLOCKS = YES;
				GCC_OPTIMIZATION_LEVEL = 0;
				GCC_PREPROCESSOR_DEFINITIONS = (
					"DEBUG=1",
					"$(inherited)",
				);
				GCC_WARN_64_TO_32_BIT_CONVERSION = YES;
				GCC_WARN_ABOUT_RETURN_TYPE = YES_ERROR;
				GCC_WARN_UNDECLARED_SELECTOR = YES;
				GCC_WARN_UNINITIALIZED_AUTOS = YES_AGGRESSIVE;
				GCC_WARN_UNUSED_FUNCTION = YES;
				GCC_WARN_UNUSED_VARIABLE = YES;
				IPHONEOS_DEPLOYMENT_TARGET = 13.0;
				MTL_ENABLE_DEBUG_INFO = INCLUDE_SOURCE;
				MTL_FAST_MATH = YES;
				ONLY_ACTIVE_ARCH = YES;
				SDKROOT = iphoneos;
				SWIFT_ACTIVE_COMPILATION_CONDITIONS = DEBUG;
				SWIFT_OPTIMIZATION_LEVEL = "-Onone";
			};
			name = Debug;
		};
		94621F20235A971A00D3DBC0 /* Release */ = {
			isa = XCBuildConfiguration;
			buildSettings = {
				ALWAYS_SEARCH_USER_PATHS = NO;
				CLANG_ANALYZER_NONNULL = YES;
				CLANG_ANALYZER_NUMBER_OBJECT_CONVERSION = YES_AGGRESSIVE;
				CLANG_CXX_LANGUAGE_STANDARD = "gnu++14";
				CLANG_CXX_LIBRARY = "libc++";
				CLANG_ENABLE_MODULES = YES;
				CLANG_ENABLE_OBJC_ARC = YES;
				CLANG_ENABLE_OBJC_WEAK = YES;
				CLANG_WARN_BLOCK_CAPTURE_AUTORELEASING = YES;
				CLANG_WARN_BOOL_CONVERSION = YES;
				CLANG_WARN_COMMA = YES;
				CLANG_WARN_CONSTANT_CONVERSION = YES;
				CLANG_WARN_DEPRECATED_OBJC_IMPLEMENTATIONS = YES;
				CLANG_WARN_DIRECT_OBJC_ISA_USAGE = YES_ERROR;
				CLANG_WARN_DOCUMENTATION_COMMENTS = YES;
				CLANG_WARN_EMPTY_BODY = YES;
				CLANG_WARN_ENUM_CONVERSION = YES;
				CLANG_WARN_INFINITE_RECURSION = YES;
				CLANG_WARN_INT_CONVERSION = YES;
				CLANG_WARN_NON_LITERAL_NULL_CONVERSION = YES;
				CLANG_WARN_OBJC_IMPLICIT_RETAIN_SELF = YES;
				CLANG_WARN_OBJC_LITERAL_CONVERSION = YES;
				CLANG_WARN_OBJC_ROOT_CLASS = YES_ERROR;
				CLANG_WARN_RANGE_LOOP_ANALYSIS = YES;
				CLANG_WARN_STRICT_PROTOTYPES = YES;
				CLANG_WARN_SUSPICIOUS_MOVE = YES;
				CLANG_WARN_UNGUARDED_AVAILABILITY = YES_AGGRESSIVE;
				CLANG_WARN_UNREACHABLE_CODE = YES;
				CLANG_WARN__DUPLICATE_METHOD_MATCH = YES;
				COPY_PHASE_STRIP = NO;
				DEBUG_INFORMATION_FORMAT = "dwarf-with-dsym";
				ENABLE_NS_ASSERTIONS = NO;
				ENABLE_STRICT_OBJC_MSGSEND = YES;
				GCC_C_LANGUAGE_STANDARD = gnu11;
				GCC_NO_COMMON_BLOCKS = YES;
				GCC_WARN_64_TO_32_BIT_CONVERSION = YES;
				GCC_WARN_ABOUT_RETURN_TYPE = YES_ERROR;
				GCC_WARN_UNDECLARED_SELECTOR = YES;
				GCC_WARN_UNINITIALIZED_AUTOS = YES_AGGRESSIVE;
				GCC_WARN_UNUSED_FUNCTION = YES;
				GCC_WARN_UNUSED_VARIABLE = YES;
				IPHONEOS_DEPLOYMENT_TARGET = 13.0;
				MTL_ENABLE_DEBUG_INFO = NO;
				MTL_FAST_MATH = YES;
				SDKROOT = iphoneos;
				SWIFT_COMPILATION_MODE = wholemodule;
				SWIFT_OPTIMIZATION_LEVEL = "-O";
				VALIDATE_PRODUCT = YES;
			};
			name = Release;
		};
		94621F22235A971A00D3DBC0 /* Debug */ = {
			isa = XCBuildConfiguration;
			buildSettings = {
				ASSETCATALOG_COMPILER_APPICON_NAME = AppIcon;
				CODE_SIGN_STYLE = Automatic;
				DEVELOPMENT_TEAM = T6MXF72738;
				INFOPLIST_FILE = "UITabBar Animated Transitions/Info.plist";
				LD_RUNPATH_SEARCH_PATHS = (
					"$(inherited)",
					"@executable_path/Frameworks",
				);
				PRODUCT_BUNDLE_IDENTIFIER = "com.RyanF.UITabBar-Animated-Transitions";
				PRODUCT_NAME = "$(TARGET_NAME)";
				SWIFT_VERSION = 5.0;
				TARGETED_DEVICE_FAMILY = "1,2";
			};
			name = Debug;
		};
		94621F23235A971A00D3DBC0 /* Release */ = {
			isa = XCBuildConfiguration;
			buildSettings = {
				ASSETCATALOG_COMPILER_APPICON_NAME = AppIcon;
				CODE_SIGN_STYLE = Automatic;
				DEVELOPMENT_TEAM = T6MXF72738;
				INFOPLIST_FILE = "UITabBar Animated Transitions/Info.plist";
				LD_RUNPATH_SEARCH_PATHS = (
					"$(inherited)",
					"@executable_path/Frameworks",
				);
				PRODUCT_BUNDLE_IDENTIFIER = "com.RyanF.UITabBar-Animated-Transitions";
				PRODUCT_NAME = "$(TARGET_NAME)";
				SWIFT_VERSION = 5.0;
				TARGETED_DEVICE_FAMILY = "1,2";
			};
			name = Release;
		};
/* End XCBuildConfiguration section */

/* Begin XCConfigurationList section */
		94621F05235A971800D3DBC0 /* Build configuration list for PBXProject "UITabBar Animated Transitions" */ = {
			isa = XCConfigurationList;
			buildConfigurations = (
				94621F1F235A971A00D3DBC0 /* Debug */,
				94621F20235A971A00D3DBC0 /* Release */,
			);
			defaultConfigurationIsVisible = 0;
			defaultConfigurationName = Release;
		};
		94621F21235A971A00D3DBC0 /* Build configuration list for PBXNativeTarget "UITabBar Animated Transitions" */ = {
			isa = XCConfigurationList;
			buildConfigurations = (
				94621F22235A971A00D3DBC0 /* Debug */,
				94621F23235A971A00D3DBC0 /* Release */,
			);
			defaultConfigurationIsVisible = 0;
			defaultConfigurationName = Release;
		};
/* End XCConfigurationList section */

/* Begin XCVersionGroup section */
		94621F16235A971800D3DBC0 /* UITabBar_Animated_Transitions.xcdatamodeld */ = {
			isa = XCVersionGroup;
			children = (
				94621F17235A971800D3DBC0 /* UITabBar_Animated_Transitions.xcdatamodel */,
			);
			currentVersion = 94621F17235A971800D3DBC0 /* UITabBar_Animated_Transitions.xcdatamodel */;
			path = UITabBar_Animated_Transitions.xcdatamodeld;
			sourceTree = "<group>";
			versionGroupType = wrapper.xcdatamodel;
		};
/* End XCVersionGroup section */
	};
	rootObject = 94621F02235A971800D3DBC0 /* Project object */;
}
